
Microsoft Visual Studio Solution File, Format Version 12.00
# Visual Studio Version 16
VisualStudioVersion = 16.0.29215.179
MinimumVisualStudioVersion = 10.0.40219.1
Project("{FAE04EC0-301F-11D3-BF4B-00C04F79EFBC}") = "SignalRChat", "SignalRChat\SignalRChat.csproj", "{D6E51A38-5F67-41D3-933F-BDBF46723A13}"
EndProject
Global
	GlobalSection(SolutionConfigurationPlatforms) = preSolution
		Debug|Any CPU = Debug|Any CPU
		Release|Any CPU = Release|Any CPU
	EndGlobalSection
	GlobalSection(ProjectConfigurationPlatforms) = postSolution
		{D6E51A38-5F67-41D3-933F-BDBF46723A13}.Debug|Any CPU.ActiveCfg = Debug|Any CPU
		{D6E51A38-5F67-41D3-933F-BDBF46723A13}.Debug|Any CPU.Build.0 = Debug|Any CPU
		{D6E51A38-5F67-41D3-933F-BDBF46723A13}.Release|Any CPU.ActiveCfg = Release|Any CPU
		{D6E51A38-5F67-41D3-933F-BDBF46723A13}.Release|Any CPU.Build.0 = Release|Any CPU
	EndGlobalSection
	GlobalSection(SolutionProperties) = preSolution
		HideSolutionNode = FALSE
	EndGlobalSection
	GlobalSection(ExtensibilityGlobals) = postSolution
		SolutionGuid = {D9643701-D448-40FE-94D1-E01D5D805634}
	EndGlobalSection
EndGlobal
